
Microsoft Visual Studio Solution File, Format Version 12.00
# Visual Studio Version 17
VisualStudioVersion = 17.6.33723.286
MinimumVisualStudioVersion = 10.0.40219.1
Project("{9A19103F-16F7-4668-BE54-9A1E7A4F7556}") = "CanvasArtStore.Web", "CanvasArtStore\CanvasArtStore.Web.csproj", "{1B3D8BE2-5F54-4DA1-AF94-81FEB6EE3458}"
EndProject
Project("{9A19103F-16F7-4668-BE54-9A1E7A4F7556}") = "CanvasArtStore.Common", "CanvasArtStore.Common\CanvasArtStore.Common.csproj", "{86110AA6-7DBC-4B80-8185-E9C8921AFB88}"
EndProject
Project("{2150E333-8FDC-42A3-9474-1A3956D46DE8}") = "Web", "Web", "{5E2C4491-E97C-4DA6-8973-F580AFAE08AA}"
EndProject
Project("{2150E333-8FDC-42A3-9474-1A3956D46DE8}") = "Data", "Data", "{BE0C029A-ACCC-4F44-A2BE-17810866E715}"
EndProject
Project("{9A19103F-16F7-4668-BE54-9A1E7A4F7556}") = "CanvasArtStore.Data", "CanvasArtStore.Data\CanvasArtStore.Data.csproj", "{0814F889-710E-407F-834A-339ADB637776}"
EndProject
Project("{9A19103F-16F7-4668-BE54-9A1E7A4F7556}") = "CanvasArtStore.Data.Models", "CanvasArtStore.Data.Models\CanvasArtStore.Data.Models.csproj", "{3C2FA933-C444-4640-9B4C-4BF493E1327B}"
EndProject
Project("{9A19103F-16F7-4668-BE54-9A1E7A4F7556}") = "CanvasArtStore.Web.ViewModels", "CanvasArtStore.ViewModels\CanvasArtStore.Web.ViewModels.csproj", "{42B3122C-00C0-48C7-813F-6495C6F26EF7}"
EndProject
Project("{2150E333-8FDC-42A3-9474-1A3956D46DE8}") = "Services", "Services", "{1D902E8E-2977-4C7A-AF9C-3BCFBFDF48BC}"
EndProject
Project("{9A19103F-16F7-4668-BE54-9A1E7A4F7556}") = "CanvasArtStoreSystem.Services.Data", "CanvasArtStoreSystem.Services.Data\CanvasArtStoreSystem.Services.Data.csproj", "{DD92F14D-FEE4-4397-9AA7-8D6EAC0075C1}"
EndProject
Project("{9A19103F-16F7-4668-BE54-9A1E7A4F7556}") = "CanvasArtStore.Web.Infrastructure", "CanvasArtStore.Web.Infrastructure\CanvasArtStore.Web.Infrastructure.csproj", "{44D8CEE9-1B32-48DA-96AC-BC3BEAC02CDC}"
EndProject
Global
	GlobalSection(SolutionConfigurationPlatforms) = preSolution
		Debug|Any CPU = Debug|Any CPU
		Release|Any CPU = Release|Any CPU
	EndGlobalSection
	GlobalSection(ProjectConfigurationPlatforms) = postSolution
		{1B3D8BE2-5F54-4DA1-AF94-81FEB6EE3458}.Debug|Any CPU.ActiveCfg = Debug|Any CPU
		{1B3D8BE2-5F54-4DA1-AF94-81FEB6EE3458}.Debug|Any CPU.Build.0 = Debug|Any CPU
		{1B3D8BE2-5F54-4DA1-AF94-81FEB6EE3458}.Release|Any CPU.ActiveCfg = Release|Any CPU
		{1B3D8BE2-5F54-4DA1-AF94-81FEB6EE3458}.Release|Any CPU.Build.0 = Release|Any CPU
		{86110AA6-7DBC-4B80-8185-E9C8921AFB88}.Debug|Any CPU.ActiveCfg = Debug|Any CPU
		{86110AA6-7DBC-4B80-8185-E9C8921AFB88}.Debug|Any CPU.Build.0 = Debug|Any CPU
		{86110AA6-7DBC-4B80-8185-E9C8921AFB88}.Release|Any CPU.ActiveCfg = Release|Any CPU
		{86110AA6-7DBC-4B80-8185-E9C8921AFB88}.Release|Any CPU.Build.0 = Release|Any CPU
		{0814F889-710E-407F-834A-339ADB637776}.Debug|Any CPU.ActiveCfg = Debug|Any CPU
		{0814F889-710E-407F-834A-339ADB637776}.Debug|Any CPU.Build.0 = Debug|Any CPU
		{0814F889-710E-407F-834A-339ADB637776}.Release|Any CPU.ActiveCfg = Release|Any CPU
		{0814F889-710E-407F-834A-339ADB637776}.Release|Any CPU.Build.0 = Release|Any CPU
		{3C2FA933-C444-4640-9B4C-4BF493E1327B}.Debug|Any CPU.ActiveCfg = Debug|Any CPU
		{3C2FA933-C444-4640-9B4C-4BF493E1327B}.Debug|Any CPU.Build.0 = Debug|Any CPU
		{3C2FA933-C444-4640-9B4C-4BF493E1327B}.Release|Any CPU.ActiveCfg = Release|Any CPU
		{3C2FA933-C444-4640-9B4C-4BF493E1327B}.Release|Any CPU.Build.0 = Release|Any CPU
		{42B3122C-00C0-48C7-813F-6495C6F26EF7}.Debug|Any CPU.ActiveCfg = Debug|Any CPU
		{42B3122C-00C0-48C7-813F-6495C6F26EF7}.Debug|Any CPU.Build.0 = Debug|Any CPU
		{42B3122C-00C0-48C7-813F-6495C6F26EF7}.Release|Any CPU.ActiveCfg = Release|Any CPU
		{42B3122C-00C0-48C7-813F-6495C6F26EF7}.Release|Any CPU.Build.0 = Release|Any CPU
		{DD92F14D-FEE4-4397-9AA7-8D6EAC0075C1}.Debug|Any CPU.ActiveCfg = Debug|Any CPU
		{DD92F14D-FEE4-4397-9AA7-8D6EAC0075C1}.Debug|Any CPU.Build.0 = Debug|Any CPU
		{DD92F14D-FEE4-4397-9AA7-8D6EAC0075C1}.Release|Any CPU.ActiveCfg = Release|Any CPU
		{DD92F14D-FEE4-4397-9AA7-8D6EAC0075C1}.Release|Any CPU.Build.0 = Release|Any CPU
		{44D8CEE9-1B32-48DA-96AC-BC3BEAC02CDC}.Debug|Any CPU.ActiveCfg = Debug|Any CPU
		{44D8CEE9-1B32-48DA-96AC-BC3BEAC02CDC}.Debug|Any CPU.Build.0 = Debug|Any CPU
		{44D8CEE9-1B32-48DA-96AC-BC3BEAC02CDC}.Release|Any CPU.ActiveCfg = Release|Any CPU
		{44D8CEE9-1B32-48DA-96AC-BC3BEAC02CDC}.Release|Any CPU.Build.0 = Release|Any CPU
	EndGlobalSection
	GlobalSection(SolutionProperties) = preSolution
		HideSolutionNode = FALSE
	EndGlobalSection
	GlobalSection(NestedProjects) = preSolution
		{1B3D8BE2-5F54-4DA1-AF94-81FEB6EE3458} = {5E2C4491-E97C-4DA6-8973-F580AFAE08AA}
		{0814F889-710E-407F-834A-339ADB637776} = {BE0C029A-ACCC-4F44-A2BE-17810866E715}
		{3C2FA933-C444-4640-9B4C-4BF493E1327B} = {BE0C029A-ACCC-4F44-A2BE-17810866E715}
		{42B3122C-00C0-48C7-813F-6495C6F26EF7} = {5E2C4491-E97C-4DA6-8973-F580AFAE08AA}
		{DD92F14D-FEE4-4397-9AA7-8D6EAC0075C1} = {1D902E8E-2977-4C7A-AF9C-3BCFBFDF48BC}
		{44D8CEE9-1B32-48DA-96AC-BC3BEAC02CDC} = {5E2C4491-E97C-4DA6-8973-F580AFAE08AA}
	EndGlobalSection
	GlobalSection(ExtensibilityGlobals) = postSolution
		SolutionGuid = {6A895CC6-E985-4A3E-B47A-4FFE10380343}
	EndGlobalSection
EndGlobal
